
Microsoft Visual Studio Solution File, Format Version 12.00
# Visual Studio Version 17
VisualStudioVersion = 17.11.35303.130
MinimumVisualStudioVersion = 10.0.40219.1
Project("{FAE04EC0-301F-11D3-BF4B-00C04F79EFBC}") = "Ornitologia", "Ornitologia\Ornitologia.csproj", "{368C3BA1-0FBA-47AE-92E9-D7F505E9850E}"
EndProject
Project("{FAE04EC0-301F-11D3-BF4B-00C04F79EFBC}") = "Ornitologia.Database", "Ornitologia.Database\Ornitologia.Database.csproj", "{8428B2A0-7F9D-48BE-99DD-197ACB02ABE1}"
EndProject
Global
	GlobalSection(SolutionConfigurationPlatforms) = preSolution
		Debug|Any CPU = Debug|Any CPU
		Release|Any CPU = Release|Any CPU
	EndGlobalSection
	GlobalSection(ProjectConfigurationPlatforms) = postSolution
		{368C3BA1-0FBA-47AE-92E9-D7F505E9850E}.Debug|Any CPU.ActiveCfg = Debug|Any CPU
		{368C3BA1-0FBA-47AE-92E9-D7F505E9850E}.Debug|Any CPU.Build.0 = Debug|Any CPU
		{368C3BA1-0FBA-47AE-92E9-D7F505E9850E}.Release|Any CPU.ActiveCfg = Release|Any CPU
		{368C3BA1-0FBA-47AE-92E9-D7F505E9850E}.Release|Any CPU.Build.0 = Release|Any CPU
		{8428B2A0-7F9D-48BE-99DD-197ACB02ABE1}.Debug|Any CPU.ActiveCfg = Debug|Any CPU
		{8428B2A0-7F9D-48BE-99DD-197ACB02ABE1}.Debug|Any CPU.Build.0 = Debug|Any CPU
		{8428B2A0-7F9D-48BE-99DD-197ACB02ABE1}.Release|Any CPU.ActiveCfg = Release|Any CPU
		{8428B2A0-7F9D-48BE-99DD-197ACB02ABE1}.Release|Any CPU.Build.0 = Release|Any CPU
	EndGlobalSection
	GlobalSection(SolutionProperties) = preSolution
		HideSolutionNode = FALSE
	EndGlobalSection
	GlobalSection(ExtensibilityGlobals) = postSolution
		SolutionGuid = {F6D1E05B-B8DD-467A-926A-AEDBF523D886}
	EndGlobalSection
EndGlobal
