
Microsoft Visual Studio Solution File, Format Version 12.00
# Visual Studio Version 17
VisualStudioVersion = 17.9.34622.214
MinimumVisualStudioVersion = 10.0.40219.1
Project("{9A19103F-16F7-4668-BE54-9A1E7A4F7556}") = "Vehicles.Database", "Vehicles.Database\Vehicles.Database.csproj", "{B0DA8550-DA86-48A5-97C6-AD30203D6AE0}"
EndProject
Project("{FAE04EC0-301F-11D3-BF4B-00C04F79EFBC}") = "Vehicles.ConsoleApp", "Vehicles.ConsoleApp\Vehicles.ConsoleApp.csproj", "{716CA703-A2BB-4F25-B6CB-2FCB395C6C49}"
EndProject
Global
	GlobalSection(SolutionConfigurationPlatforms) = preSolution
		Debug|Any CPU = Debug|Any CPU
		Release|Any CPU = Release|Any CPU
	EndGlobalSection
	GlobalSection(ProjectConfigurationPlatforms) = postSolution
		{B0DA8550-DA86-48A5-97C6-AD30203D6AE0}.Debug|Any CPU.ActiveCfg = Debug|Any CPU
		{B0DA8550-DA86-48A5-97C6-AD30203D6AE0}.Debug|Any CPU.Build.0 = Debug|Any CPU
		{B0DA8550-DA86-48A5-97C6-AD30203D6AE0}.Release|Any CPU.ActiveCfg = Release|Any CPU
		{B0DA8550-DA86-48A5-97C6-AD30203D6AE0}.Release|Any CPU.Build.0 = Release|Any CPU
		{716CA703-A2BB-4F25-B6CB-2FCB395C6C49}.Debug|Any CPU.ActiveCfg = Debug|Any CPU
		{716CA703-A2BB-4F25-B6CB-2FCB395C6C49}.Debug|Any CPU.Build.0 = Debug|Any CPU
		{716CA703-A2BB-4F25-B6CB-2FCB395C6C49}.Release|Any CPU.ActiveCfg = Release|Any CPU
		{716CA703-A2BB-4F25-B6CB-2FCB395C6C49}.Release|Any CPU.Build.0 = Release|Any CPU
	EndGlobalSection
	GlobalSection(SolutionProperties) = preSolution
		HideSolutionNode = FALSE
	EndGlobalSection
	GlobalSection(ExtensibilityGlobals) = postSolution
		SolutionGuid = {E485A9F6-9992-4D22-828E-1D191DC411C1}
	EndGlobalSection
EndGlobal
