
Microsoft Visual Studio Solution File, Format Version 12.00
# Visual Studio Version 17
VisualStudioVersion = 17.11.35303.130
MinimumVisualStudioVersion = 10.0.40219.1
Project("{FAE04EC0-301F-11D3-BF4B-00C04F79EFBC}") = "Lecso.ConsoleApp", "Lecso\Lecso.ConsoleApp.csproj", "{263F33A4-0BD3-4786-A1B4-C761590C7885}"
EndProject
Project("{FAE04EC0-301F-11D3-BF4B-00C04F79EFBC}") = "Lecso.Database", "Lecso.Database\Lecso.Database.csproj", "{7A281EDE-F722-45E8-A640-7B0F9014CAA3}"
EndProject
Global
	GlobalSection(SolutionConfigurationPlatforms) = preSolution
		Debug|Any CPU = Debug|Any CPU
		Release|Any CPU = Release|Any CPU
	EndGlobalSection
	GlobalSection(ProjectConfigurationPlatforms) = postSolution
		{263F33A4-0BD3-4786-A1B4-C761590C7885}.Debug|Any CPU.ActiveCfg = Debug|Any CPU
		{263F33A4-0BD3-4786-A1B4-C761590C7885}.Debug|Any CPU.Build.0 = Debug|Any CPU
		{263F33A4-0BD3-4786-A1B4-C761590C7885}.Release|Any CPU.ActiveCfg = Release|Any CPU
		{263F33A4-0BD3-4786-A1B4-C761590C7885}.Release|Any CPU.Build.0 = Release|Any CPU
		{7A281EDE-F722-45E8-A640-7B0F9014CAA3}.Debug|Any CPU.ActiveCfg = Debug|Any CPU
		{7A281EDE-F722-45E8-A640-7B0F9014CAA3}.Debug|Any CPU.Build.0 = Debug|Any CPU
		{7A281EDE-F722-45E8-A640-7B0F9014CAA3}.Release|Any CPU.ActiveCfg = Release|Any CPU
		{7A281EDE-F722-45E8-A640-7B0F9014CAA3}.Release|Any CPU.Build.0 = Release|Any CPU
	EndGlobalSection
	GlobalSection(SolutionProperties) = preSolution
		HideSolutionNode = FALSE
	EndGlobalSection
	GlobalSection(ExtensibilityGlobals) = postSolution
		SolutionGuid = {95B95507-3B69-4430-ACC8-6C84176601B6}
	EndGlobalSection
EndGlobal
